// !$*UTF8*$!
{
	archiveVersion = 1;
	classes = {
	};
	objectVersion = 50;
	objects = {

/* Begin PBXBuildFile section */
		C2447C0E24B574F7001E3DA1 /* AppDelegate.swift in Sources */ = {isa = PBXBuildFile; fileRef = C2447C0D24B574F7001E3DA1 /* AppDelegate.swift */; };
		C2447C1024B574F7001E3DA1 /* SceneDelegate.swift in Sources */ = {isa = PBXBuildFile; fileRef = C2447C0F24B574F7001E3DA1 /* SceneDelegate.swift */; };
		C2447C1224B574F7001E3DA1 /* ViewController.swift in Sources */ = {isa = PBXBuildFile; fileRef = C2447C1124B574F7001E3DA1 /* ViewController.swift */; };
		C2447C1524B574F7001E3DA1 /* Main.storyboard in Resources */ = {isa = PBXBuildFile; fileRef = C2447C1324B574F7001E3DA1 /* Main.storyboard */; };
		C2447C1724B574F9001E3DA1 /* Assets.xcassets in Resources */ = {isa = PBXBuildFile; fileRef = C2447C1624B574F9001E3DA1 /* Assets.xcassets */; };
		C2447C1A24B574F9001E3DA1 /* LaunchScreen.storyboard in Resources */ = {isa = PBXBuildFile; fileRef = C2447C1824B574F9001E3DA1 /* LaunchScreen.storyboard */; };
		C2447C2524B574F9001E3DA1 /* MiniBrowserTests.swift in Sources */ = {isa = PBXBuildFile; fileRef = C2447C2424B574F9001E3DA1 /* MiniBrowserTests.swift */; };
		C2447C3024B574F9001E3DA1 /* MiniBrowserUITests.swift in Sources */ = {isa = PBXBuildFile; fileRef = C2447C2F24B574F9001E3DA1 /* MiniBrowserUITests.swift */; };
/* End PBXBuildFile section */

/* Begin PBXContainerItemProxy section */
		C2447C2124B574F9001E3DA1 /* PBXContainerItemProxy */ = {
			isa = PBXContainerItemProxy;
			containerPortal = C2447C0224B574F7001E3DA1 /* Project object */;
			proxyType = 1;
			remoteGlobalIDString = C2447C0924B574F7001E3DA1;
			remoteInfo = MiniBrowser;
		};
		C2447C2C24B574F9001E3DA1 /* PBXContainerItemProxy */ = {
			isa = PBXContainerItemProxy;
			containerPortal = C2447C0224B574F7001E3DA1 /* Project object */;
			proxyType = 1;
			remoteGlobalIDString = C2447C0924B574F7001E3DA1;
			remoteInfo = MiniBrowser;
		};
/* End PBXContainerItemProxy section */

/* Begin PBXFileReference section */
		C2447C0A24B574F7001E3DA1 /* MiniBrowser.app */ = {isa = PBXFileReference; explicitFileType = wrapper.application; includeInIndex = 0; path = MiniBrowser.app; sourceTree = BUILT_PRODUCTS_DIR; };
		C2447C0D24B574F7001E3DA1 /* AppDelegate.swift */ = {isa = PBXFileReference; lastKnownFileType = sourcecode.swift; path = AppDelegate.swift; sourceTree = "<group>"; };
		C2447C0F24B574F7001E3DA1 /* SceneDelegate.swift */ = {isa = PBXFileReference; lastKnownFileType = sourcecode.swift; path = SceneDelegate.swift; sourceTree = "<group>"; };
		C2447C1124B574F7001E3DA1 /* ViewController.swift */ = {isa = PBXFileReference; lastKnownFileType = sourcecode.swift; path = ViewController.swift; sourceTree = "<group>"; };
		C2447C1424B574F7001E3DA1 /* Base */ = {isa = PBXFileReference; lastKnownFileType = file.storyboard; name = Base; path = Base.lproj/Main.storyboard; sourceTree = "<group>"; };
		C2447C1624B574F9001E3DA1 /* Assets.xcassets */ = {isa = PBXFileReference; lastKnownFileType = folder.assetcatalog; path = Assets.xcassets; sourceTree = "<group>"; };
		C2447C1924B574F9001E3DA1 /* Base */ = {isa = PBXFileReference; lastKnownFileType = file.storyboard; name = Base; path = Base.lproj/LaunchScreen.storyboard; sourceTree = "<group>"; };
		C2447C1B24B574F9001E3DA1 /* Info.plist */ = {isa = PBXFileReference; lastKnownFileType = text.plist.xml; path = Info.plist; sourceTree = "<group>"; };
		C2447C2024B574F9001E3DA1 /* MiniBrowserTests.xctest */ = {isa = PBXFileReference; explicitFileType = wrapper.cfbundle; includeInIndex = 0; path = MiniBrowserTests.xctest; sourceTree = BUILT_PRODUCTS_DIR; };
		C2447C2424B574F9001E3DA1 /* MiniBrowserTests.swift */ = {isa = PBXFileReference; lastKnownFileType = sourcecode.swift; path = MiniBrowserTests.swift; sourceTree = "<group>"; };
		C2447C2624B574F9001E3DA1 /* Info.plist */ = {isa = PBXFileReference; lastKnownFileType = text.plist.xml; path = Info.plist; sourceTree = "<group>"; };
		C2447C2B24B574F9001E3DA1 /* MiniBrowserUITests.xctest */ = {isa = PBXFileReference; explicitFileType = wrapper.cfbundle; includeInIndex = 0; path = MiniBrowserUITests.xctest; sourceTree = BUILT_PRODUCTS_DIR; };
		C2447C2F24B574F9001E3DA1 /* MiniBrowserUITests.swift */ = {isa = PBXFileReference; lastKnownFileType = sourcecode.swift; path = MiniBrowserUITests.swift; sourceTree = "<group>"; };
		C2447C3124B574F9001E3DA1 /* Info.plist */ = {isa = PBXFileReference; lastKnownFileType = text.plist.xml; path = Info.plist; sourceTree = "<group>"; };
/* End PBXFileReference section */

/* Begin PBXFrameworksBuildPhase section */
		C2447C0724B574F7001E3DA1 /* Frameworks */ = {
			isa = PBXFrameworksBuildPhase;
			buildActionMask = 2147483647;
			files = (
			);
			runOnlyForDeploymentPostprocessing = 0;
		};
		C2447C1D24B574F9001E3DA1 /* Frameworks */ = {
			isa = PBXFrameworksBuildPhase;
			buildActionMask = 2147483647;
			files = (
			);
			runOnlyForDeploymentPostprocessing = 0;
		};
		C2447C2824B574F9001E3DA1 /* Frameworks */ = {
			isa = PBXFrameworksBuildPhase;
			buildActionMask = 2147483647;
			files = (
			);
			runOnlyForDeploymentPostprocessing = 0;
		};
/* End PBXFrameworksBuildPhase section */

/* Begin PBXGroup section */
		C2447C0124B574F7001E3DA1 = {
			isa = PBXGroup;
			children = (
				C2447C0C24B574F7001E3DA1 /* MiniBrowser */,
				C2447C2324B574F9001E3DA1 /* MiniBrowserTests */,
				C2447C2E24B574F9001E3DA1 /* MiniBrowserUITests */,
				C2447C0B24B574F7001E3DA1 /* Products */,
			);
			sourceTree = "<group>";
		};
		C2447C0B24B574F7001E3DA1 /* Products */ = {
			isa = PBXGroup;
			children = (
				C2447C0A24B574F7001E3DA1 /* MiniBrowser.app */,
				C2447C2024B574F9001E3DA1 /* MiniBrowserTests.xctest */,
				C2447C2B24B574F9001E3DA1 /* MiniBrowserUITests.xctest */,
			);
			name = Products;
			sourceTree = "<group>";
		};
		C2447C0C24B574F7001E3DA1 /* MiniBrowser */ = {
			isa = PBXGroup;
			children = (
				C2447C0D24B574F7001E3DA1 /* AppDelegate.swift */,
				C2447C0F24B574F7001E3DA1 /* SceneDelegate.swift */,
				C2447C1124B574F7001E3DA1 /* ViewController.swift */,
				C2447C1324B574F7001E3DA1 /* Main.storyboard */,
				C2447C1624B574F9001E3DA1 /* Assets.xcassets */,
				C2447C1824B574F9001E3DA1 /* LaunchScreen.storyboard */,
				C2447C1B24B574F9001E3DA1 /* Info.plist */,
			);
			path = MiniBrowser;
			sourceTree = "<group>";
		};
		C2447C2324B574F9001E3DA1 /* MiniBrowserTests */ = {
			isa = PBXGroup;
			children = (
				C2447C2424B574F9001E3DA1 /* MiniBrowserTests.swift */,
				C2447C2624B574F9001E3DA1 /* Info.plist */,
			);
			path = MiniBrowserTests;
			sourceTree = "<group>";
		};
		C2447C2E24B574F9001E3DA1 /* MiniBrowserUITests */ = {
			isa = PBXGroup;
			children = (
				C2447C2F24B574F9001E3DA1 /* MiniBrowserUITests.swift */,
				C2447C3124B574F9001E3DA1 /* Info.plist */,
			);
			path = MiniBrowserUITests;
			sourceTree = "<group>";
		};
/* End PBXGroup section */

/* Begin PBXNativeTarget section */
		C2447C0924B574F7001E3DA1 /* MiniBrowser */ = {
			isa = PBXNativeTarget;
			buildConfigurationList = C2447C3424B574F9001E3DA1 /* Build configuration list for PBXNativeTarget "MiniBrowser" */;
			buildPhases = (
				C2447C0624B574F7001E3DA1 /* Sources */,
				C2447C0724B574F7001E3DA1 /* Frameworks */,
				C2447C0824B574F7001E3DA1 /* Resources */,
			);
			buildRules = (
			);
			dependencies = (
			);
			name = MiniBrowser;
			productName = MiniBrowser;
			productReference = C2447C0A24B574F7001E3DA1 /* MiniBrowser.app */;
			productType = "com.apple.product-type.application";
		};
		C2447C1F24B574F9001E3DA1 /* MiniBrowserTests */ = {
			isa = PBXNativeTarget;
			buildConfigurationList = C2447C3724B574F9001E3DA1 /* Build configuration list for PBXNativeTarget "MiniBrowserTests" */;
			buildPhases = (
				C2447C1C24B574F9001E3DA1 /* Sources */,
				C2447C1D24B574F9001E3DA1 /* Frameworks */,
				C2447C1E24B574F9001E3DA1 /* Resources */,
			);
			buildRules = (
			);
			dependencies = (
				C2447C2224B574F9001E3DA1 /* PBXTargetDependency */,
			);
			name = MiniBrowserTests;
			productName = MiniBrowserTests;
			productReference = C2447C2024B574F9001E3DA1 /* MiniBrowserTests.xctest */;
			productType = "com.apple.product-type.bundle.unit-test";
		};
		C2447C2A24B574F9001E3DA1 /* MiniBrowserUITests */ = {
			isa = PBXNativeTarget;
			buildConfigurationList = C2447C3A24B574F9001E3DA1 /* Build configuration list for PBXNativeTarget "MiniBrowserUITests" */;
			buildPhases = (
				C2447C2724B574F9001E3DA1 /* Sources */,
				C2447C2824B574F9001E3DA1 /* Frameworks */,
				C2447C2924B574F9001E3DA1 /* Resources */,
			);
			buildRules = (
			);
			dependencies = (
				C2447C2D24B574F9001E3DA1 /* PBXTargetDependency */,
			);
			name = MiniBrowserUITests;
			productName = MiniBrowserUITests;
			productReference = C2447C2B24B574F9001E3DA1 /* MiniBrowserUITests.xctest */;
			productType = "com.apple.product-type.bundle.ui-testing";
		};
/* End PBXNativeTarget section */

/* Begin PBXProject section */
		C2447C0224B574F7001E3DA1 /* Project object */ = {
			isa = PBXProject;
			attributes = {
				LastSwiftUpdateCheck = 1130;
				LastUpgradeCheck = 1130;
				ORGANIZATIONNAME = ddaeng;
				TargetAttributes = {
					C2447C0924B574F7001E3DA1 = {
						CreatedOnToolsVersion = 11.3.1;
					};
					C2447C1F24B574F9001E3DA1 = {
						CreatedOnToolsVersion = 11.3.1;
						TestTargetID = C2447C0924B574F7001E3DA1;
					};
					C2447C2A24B574F9001E3DA1 = {
						CreatedOnToolsVersion = 11.3.1;
						TestTargetID = C2447C0924B574F7001E3DA1;
					};
				};
			};
			buildConfigurationList = C2447C0524B574F7001E3DA1 /* Build configuration list for PBXProject "MiniBrowser" */;
			compatibilityVersion = "Xcode 9.3";
			developmentRegion = en;
			hasScannedForEncodings = 0;
			knownRegions = (
				en,
				Base,
			);
			mainGroup = C2447C0124B574F7001E3DA1;
			productRefGroup = C2447C0B24B574F7001E3DA1 /* Products */;
			projectDirPath = "";
			projectRoot = "";
			targets = (
				C2447C0924B574F7001E3DA1 /* MiniBrowser */,
				C2447C1F24B574F9001E3DA1 /* MiniBrowserTests */,
				C2447C2A24B574F9001E3DA1 /* MiniBrowserUITests */,
			);
		};
/* End PBXProject section */

/* Begin PBXResourcesBuildPhase section */
		C2447C0824B574F7001E3DA1 /* Resources */ = {
			isa = PBXResourcesBuildPhase;
			buildActionMask = 2147483647;
			files = (
				C2447C1A24B574F9001E3DA1 /* LaunchScreen.storyboard in Resources */,
				C2447C1724B574F9001E3DA1 /* Assets.xcassets in Resources */,
				C2447C1524B574F7001E3DA1 /* Main.storyboard in Resources */,
			);
			runOnlyForDeploymentPostprocessing = 0;
		};
		C2447C1E24B574F9001E3DA1 /* Resources */ = {
			isa = PBXResourcesBuildPhase;
			buildActionMask = 2147483647;
			files = (
			);
			runOnlyForDeploymentPostprocessing = 0;
		};
		C2447C2924B574F9001E3DA1 /* Resources */ = {
			isa = PBXResourcesBuildPhase;
			buildActionMask = 2147483647;
			files = (
			);
			runOnlyForDeploymentPostprocessing = 0;
		};
/* End PBXResourcesBuildPhase section */

/* Begin PBXSourcesBuildPhase section */
		C2447C0624B574F7001E3DA1 /* Sources */ = {
			isa = PBXSourcesBuildPhase;
			buildActionMask = 2147483647;
			files = (
				C2447C1224B574F7001E3DA1 /* ViewController.swift in Sources */,
				C2447C0E24B574F7001E3DA1 /* AppDelegate.swift in Sources */,
				C2447C1024B574F7001E3DA1 /* SceneDelegate.swift in Sources */,
			);
			runOnlyForDeploymentPostprocessing = 0;
		};
		C2447C1C24B574F9001E3DA1 /* Sources */ = {
			isa = PBXSourcesBuildPhase;
			buildActionMask = 2147483647;
			files = (
				C2447C2524B574F9001E3DA1 /* MiniBrowserTests.swift in Sources */,
			);
			runOnlyForDeploymentPostprocessing = 0;
		};
		C2447C2724B574F9001E3DA1 /* Sources */ = {
			isa = PBXSourcesBuildPhase;
			buildActionMask = 2147483647;
			files = (
				C2447C3024B574F9001E3DA1 /* MiniBrowserUITests.swift in Sources */,
			);
			runOnlyForDeploymentPostprocessing = 0;
		};
/* End PBXSourcesBuildPhase section */

/* Begin PBXTargetDependency section */
		C2447C2224B574F9001E3DA1 /* PBXTargetDependency */ = {
			isa = PBXTargetDependency;
			target = C2447C0924B574F7001E3DA1 /* MiniBrowser */;
			targetProxy = C2447C2124B574F9001E3DA1 /* PBXContainerItemProxy */;
		};
		C2447C2D24B574F9001E3DA1 /* PBXTargetDependency */ = {
			isa = PBXTargetDependency;
			target = C2447C0924B574F7001E3DA1 /* MiniBrowser */;
			targetProxy = C2447C2C24B574F9001E3DA1 /* PBXContainerItemProxy */;
		};
/* End PBXTargetDependency section */

/* Begin PBXVariantGroup section */
		C2447C1324B574F7001E3DA1 /* Main.storyboard */ = {
			isa = PBXVariantGroup;
			children = (
				C2447C1424B574F7001E3DA1 /* Base */,
			);
			name = Main.storyboard;
			sourceTree = "<group>";
		};
		C2447C1824B574F9001E3DA1 /* LaunchScreen.storyboard */ = {
			isa = PBXVariantGroup;
			children = (
				C2447C1924B574F9001E3DA1 /* Base */,
			);
			name = LaunchScreen.storyboard;
			sourceTree = "<group>";
		};
/* End PBXVariantGroup section */

/* Begin XCBuildConfiguration section */
		C2447C3224B574F9001E3DA1 /* Debug */ = {
			isa = XCBuildConfiguration;
			buildSettings = {
				ALWAYS_SEARCH_USER_PATHS = NO;
				CLANG_ANALYZER_NONNULL = YES;
				CLANG_ANALYZER_NUMBER_OBJECT_CONVERSION = YES_AGGRESSIVE;
				CLANG_CXX_LANGUAGE_STANDARD = "gnu++14";
				CLANG_CXX_LIBRARY = "libc++";
				CLANG_ENABLE_MODULES = YES;
				CLANG_ENABLE_OBJC_ARC = YES;
				CLANG_ENABLE_OBJC_WEAK = YES;
				CLANG_WARN_BLOCK_CAPTURE_AUTORELEASING = YES;
				CLANG_WARN_BOOL_CONVERSION = YES;
				CLANG_WARN_COMMA = YES;
				CLANG_WARN_CONSTANT_CONVERSION = YES;
				CLANG_WARN_DEPRECATED_OBJC_IMPLEMENTATIONS = YES;
				CLANG_WARN_DIRECT_OBJC_ISA_USAGE = YES_ERROR;
				CLANG_WARN_DOCUMENTATION_COMMENTS = YES;
				CLANG_WARN_EMPTY_BODY = YES;
				CLANG_WARN_ENUM_CONVERSION = YES;
				CLANG_WARN_INFINITE_RECURSION = YES;
				CLANG_WARN_INT_CONVERSION = YES;
				CLANG_WARN_NON_LITERAL_NULL_CONVERSION = YES;
				CLANG_WARN_OBJC_IMPLICIT_RETAIN_SELF = YES;
				CLANG_WARN_OBJC_LITERAL_CONVERSION = YES;
				CLANG_WARN_OBJC_ROOT_CLASS = YES_ERROR;
				CLANG_WARN_RANGE_LOOP_ANALYSIS = YES;
				CLANG_WARN_STRICT_PROTOTYPES = YES;
				CLANG_WARN_SUSPICIOUS_MOVE = YES;
				CLANG_WARN_UNGUARDED_AVAILABILITY = YES_AGGRESSIVE;
				CLANG_WARN_UNREACHABLE_CODE = YES;
				CLANG_WARN__DUPLICATE_METHOD_MATCH = YES;
				COPY_PHASE_STRIP = NO;
				DEBUG_INFORMATION_FORMAT = dwarf;
				ENABLE_STRICT_OBJC_MSGSEND = YES;
				ENABLE_TESTABILITY = YES;
				GCC_C_LANGUAGE_STANDARD = gnu11;
				GCC_DYNAMIC_NO_PIC = NO;
				GCC_NO_COMMON_BLOCKS = YES;
				GCC_OPTIMIZATION_LEVEL = 0;
				GCC_PREPROCESSOR_DEFINITIONS = (
					"DEBUG=1",
					"$(inherited)",
				);
				GCC_WARN_64_TO_32_BIT_CONVERSION = YES;
				GCC_WARN_ABOUT_RETURN_TYPE = YES_ERROR;
				GCC_WARN_UNDECLARED_SELECTOR = YES;
				GCC_WARN_UNINITIALIZED_AUTOS = YES_AGGRESSIVE;
				GCC_WARN_UNUSED_FUNCTION = YES;
				GCC_WARN_UNUSED_VARIABLE = YES;
				IPHONEOS_DEPLOYMENT_TARGET = 13.2;
				MTL_ENABLE_DEBUG_INFO = INCLUDE_SOURCE;
				MTL_FAST_MATH = YES;
				ONLY_ACTIVE_ARCH = YES;
				SDKROOT = iphoneos;
				SWIFT_ACTIVE_COMPILATION_CONDITIONS = DEBUG;
				SWIFT_OPTIMIZATION_LEVEL = "-Onone";
			};
			name = Debug;
		};
		C2447C3324B574F9001E3DA1 /* Release */ = {
			isa = XCBuildConfiguration;
			buildSettings = {
				ALWAYS_SEARCH_USER_PATHS = NO;
				CLANG_ANALYZER_NONNULL = YES;
				CLANG_ANALYZER_NUMBER_OBJECT_CONVERSION = YES_AGGRESSIVE;
				CLANG_CXX_LANGUAGE_STANDARD = "gnu++14";
				CLANG_CXX_LIBRARY = "libc++";
				CLANG_ENABLE_MODULES = YES;
				CLANG_ENABLE_OBJC_ARC = YES;
				CLANG_ENABLE_OBJC_WEAK = YES;
				CLANG_WARN_BLOCK_CAPTURE_AUTORELEASING = YES;
				CLANG_WARN_BOOL_CONVERSION = YES;
				CLANG_WARN_COMMA = YES;
				CLANG_WARN_CONSTANT_CONVERSION = YES;
				CLANG_WARN_DEPRECATED_OBJC_IMPLEMENTATIONS = YES;
				CLANG_WARN_DIRECT_OBJC_ISA_USAGE = YES_ERROR;
				CLANG_WARN_DOCUMENTATION_COMMENTS = YES;
				CLANG_WARN_EMPTY_BODY = YES;
				CLANG_WARN_ENUM_CONVERSION = YES;
				CLANG_WARN_INFINITE_RECURSION = YES;
				CLANG_WARN_INT_CONVERSION = YES;
				CLANG_WARN_NON_LITERAL_NULL_CONVERSION = YES;
				CLANG_WARN_OBJC_IMPLICIT_RETAIN_SELF = YES;
				CLANG_WARN_OBJC_LITERAL_CONVERSION = YES;
				CLANG_WARN_OBJC_ROOT_CLASS = YES_ERROR;
				CLANG_WARN_RANGE_LOOP_ANALYSIS = YES;
				CLANG_WARN_STRICT_PROTOTYPES = YES;
				CLANG_WARN_SUSPICIOUS_MOVE = YES;
				CLANG_WARN_UNGUARDED_AVAILABILITY = YES_AGGRESSIVE;
				CLANG_WARN_UNREACHABLE_CODE = YES;
				CLANG_WARN__DUPLICATE_METHOD_MATCH = YES;
				COPY_PHASE_STRIP = NO;
				DEBUG_INFORMATION_FORMAT = "dwarf-with-dsym";
				ENABLE_NS_ASSERTIONS = NO;
				ENABLE_STRICT_OBJC_MSGSEND = YES;
				GCC_C_LANGUAGE_STANDARD = gnu11;
				GCC_NO_COMMON_BLOCKS = YES;
				GCC_WARN_64_TO_32_BIT_CONVERSION = YES;
				GCC_WARN_ABOUT_RETURN_TYPE = YES_ERROR;
				GCC_WARN_UNDECLARED_SELECTOR = YES;
				GCC_WARN_UNINITIALIZED_AUTOS = YES_AGGRESSIVE;
				GCC_WARN_UNUSED_FUNCTION = YES;
				GCC_WARN_UNUSED_VARIABLE = YES;
				IPHONEOS_DEPLOYMENT_TARGET = 13.2;
				MTL_ENABLE_DEBUG_INFO = NO;
				MTL_FAST_MATH = YES;
				SDKROOT = iphoneos;
				SWIFT_COMPILATION_MODE = wholemodule;
				SWIFT_OPTIMIZATION_LEVEL = "-O";
				VALIDATE_PRODUCT = YES;
			};
			name = Release;
		};
		C2447C3524B574F9001E3DA1 /* Debug */ = {
			isa = XCBuildConfiguration;
			buildSettings = {
				ASSETCATALOG_COMPILER_APPICON_NAME = AppIcon;
				CODE_SIGN_STYLE = Automatic;
				INFOPLIST_FILE = MiniBrowser/Info.plist;
				LD_RUNPATH_SEARCH_PATHS = (
					"$(inherited)",
					"@executable_path/Frameworks",
				);
				PRODUCT_BUNDLE_IDENTIFIER = ddaeng.MiniBrowser;
				PRODUCT_NAME = "$(TARGET_NAME)";
				SWIFT_VERSION = 5.0;
				TARGETED_DEVICE_FAMILY = "1,2";
			};
			name = Debug;
		};
		C2447C3624B574F9001E3DA1 /* Release */ = {
			isa = XCBuildConfiguration;
			buildSettings = {
				ASSETCATALOG_COMPILER_APPICON_NAME = AppIcon;
				CODE_SIGN_STYLE = Automatic;
				INFOPLIST_FILE = MiniBrowser/Info.plist;
				LD_RUNPATH_SEARCH_PATHS = (
					"$(inherited)",
					"@executable_path/Frameworks",
				);
				PRODUCT_BUNDLE_IDENTIFIER = ddaeng.MiniBrowser;
				PRODUCT_NAME = "$(TARGET_NAME)";
				SWIFT_VERSION = 5.0;
				TARGETED_DEVICE_FAMILY = "1,2";
			};
			name = Release;
		};
		C2447C3824B574F9001E3DA1 /* Debug */ = {
			isa = XCBuildConfiguration;
			buildSettings = {
				ALWAYS_EMBED_SWIFT_STANDARD_LIBRARIES = YES;
				BUNDLE_LOADER = "$(TEST_HOST)";
				CODE_SIGN_STYLE = Automatic;
				INFOPLIST_FILE = MiniBrowserTests/Info.plist;
				IPHONEOS_DEPLOYMENT_TARGET = 13.2;
				LD_RUNPATH_SEARCH_PATHS = (
					"$(inherited)",
					"@executable_path/Frameworks",
					"@loader_path/Frameworks",
				);
				PRODUCT_BUNDLE_IDENTIFIER = ddaeng.MiniBrowserTests;
				PRODUCT_NAME = "$(TARGET_NAME)";
				SWIFT_VERSION = 5.0;
				TARGETED_DEVICE_FAMILY = "1,2";
				TEST_HOST = "$(BUILT_PRODUCTS_DIR)/MiniBrowser.app/MiniBrowser";
			};
			name = Debug;
		};
		C2447C3924B574F9001E3DA1 /* Release */ = {
			isa = XCBuildConfiguration;
			buildSettings = {
				ALWAYS_EMBED_SWIFT_STANDARD_LIBRARIES = YES;
				BUNDLE_LOADER = "$(TEST_HOST)";
				CODE_SIGN_STYLE = Automatic;
				INFOPLIST_FILE = MiniBrowserTests/Info.plist;
				IPHONEOS_DEPLOYMENT_TARGET = 13.2;
				LD_RUNPATH_SEARCH_PATHS = (
					"$(inherited)",
					"@executable_path/Frameworks",
					"@loader_path/Frameworks",
				);
				PRODUCT_BUNDLE_IDENTIFIER = ddaeng.MiniBrowserTests;
				PRODUCT_NAME = "$(TARGET_NAME)";
				SWIFT_VERSION = 5.0;
				TARGETED_DEVICE_FAMILY = "1,2";
				TEST_HOST = "$(BUILT_PRODUCTS_DIR)/MiniBrowser.app/MiniBrowser";
			};
			name = Release;
		};
		C2447C3B24B574F9001E3DA1 /* Debug */ = {
			isa = XCBuildConfiguration;
			buildSettings = {
				ALWAYS_EMBED_SWIFT_STANDARD_LIBRARIES = YES;
				CODE_SIGN_STYLE = Automatic;
				INFOPLIST_FILE = MiniBrowserUITests/Info.plist;
				LD_RUNPATH_SEARCH_PATHS = (
					"$(inherited)",
					"@executable_path/Frameworks",
					"@loader_path/Frameworks",
				);
				PRODUCT_BUNDLE_IDENTIFIER = ddaeng.MiniBrowserUITests;
				PRODUCT_NAME = "$(TARGET_NAME)";
				SWIFT_VERSION = 5.0;
				TARGETED_DEVICE_FAMILY = "1,2";
				TEST_TARGET_NAME = MiniBrowser;
			};
			name = Debug;
		};
		C2447C3C24B574F9001E3DA1 /* Release */ = {
			isa = XCBuildConfiguration;
			buildSettings = {
				ALWAYS_EMBED_SWIFT_STANDARD_LIBRARIES = YES;
				CODE_SIGN_STYLE = Automatic;
				INFOPLIST_FILE = MiniBrowserUITests/Info.plist;
				LD_RUNPATH_SEARCH_PATHS = (
					"$(inherited)",
					"@executable_path/Frameworks",
					"@loader_path/Frameworks",
				);
				PRODUCT_BUNDLE_IDENTIFIER = ddaeng.MiniBrowserUITests;
				PRODUCT_NAME = "$(TARGET_NAME)";
				SWIFT_VERSION = 5.0;
				TARGETED_DEVICE_FAMILY = "1,2";
				TEST_TARGET_NAME = MiniBrowser;
			};
			name = Release;
		};
/* End XCBuildConfiguration section */

/* Begin XCConfigurationList section */
		C2447C0524B574F7001E3DA1 /* Build configuration list for PBXProject "MiniBrowser" */ = {
			isa = XCConfigurationList;
			buildConfigurations = (
				C2447C3224B574F9001E3DA1 /* Debug */,
				C2447C3324B574F9001E3DA1 /* Release */,
			);
			defaultConfigurationIsVisible = 0;
			defaultConfigurationName = Release;
		};
		C2447C3424B574F9001E3DA1 /* Build configuration list for PBXNativeTarget "MiniBrowser" */ = {
			isa = XCConfigurationList;
			buildConfigurations = (
				C2447C3524B574F9001E3DA1 /* Debug */,
				C2447C3624B574F9001E3DA1 /* Release */,
			);
			defaultConfigurationIsVisible = 0;
			defaultConfigurationName = Release;
		};
		C2447C3724B574F9001E3DA1 /* Build configuration list for PBXNativeTarget "MiniBrowserTests" */ = {
			isa = XCConfigurationList;
			buildConfigurations = (
				C2447C3824B574F9001E3DA1 /* Debug */,
				C2447C3924B574F9001E3DA1 /* Release */,
			);
			defaultConfigurationIsVisible = 0;
			defaultConfigurationName = Release;
		};
		C2447C3A24B574F9001E3DA1 /* Build configuration list for PBXNativeTarget "MiniBrowserUITests" */ = {
			isa = XCConfigurationList;
			buildConfigurations = (
				C2447C3B24B574F9001E3DA1 /* Debug */,
				C2447C3C24B574F9001E3DA1 /* Release */,
			);
			defaultConfigurationIsVisible = 0;
			defaultConfigurationName = Release;
		};
/* End XCConfigurationList section */
	};
	rootObject = C2447C0224B574F7001E3DA1 /* Project object */;
}
